
Microsoft Visual Studio Solution File, Format Version 12.00
# Visual Studio 2013
VisualStudioVersion = 12.0.30723.0
MinimumVisualStudioVersion = 10.0.40219.1
Project("{FAE04EC0-301F-11D3-BF4B-00C04F79EFBC}") = "AceCarShop", "AceCarShop\AceCarShop.csproj", "{FECE0EFC-110D-4CEF-B4C8-4236C329CA62}"
EndProject
Global
	GlobalSection(SolutionConfigurationPlatforms) = preSolution
		Debug|Any CPU = Debug|Any CPU
		Release|Any CPU = Release|Any CPU
	EndGlobalSection
	GlobalSection(ProjectConfigurationPlatforms) = postSolution
		{FECE0EFC-110D-4CEF-B4C8-4236C329CA62}.Debug|Any CPU.ActiveCfg = Debug|Any CPU
		{FECE0EFC-110D-4CEF-B4C8-4236C329CA62}.Debug|Any CPU.Build.0 = Debug|Any CPU
		{FECE0EFC-110D-4CEF-B4C8-4236C329CA62}.Release|Any CPU.ActiveCfg = Release|Any CPU
		{FECE0EFC-110D-4CEF-B4C8-4236C329CA62}.Release|Any CPU.Build.0 = Release|Any CPU
	EndGlobalSection
	GlobalSection(SolutionProperties) = preSolution
		HideSolutionNode = FALSE
	EndGlobalSection
EndGlobal
